# This file was autogenerated by Stack.
# You should not edit this file by hand.
# For more information, please see the documentation at:
#   https://docs.haskellstack.org/en/stable/lock_files

packages:
- completed:
    hackage: judy-0.4.1@sha256:cde65e25880b2833e3105f86a79361f1bc37052eb3fe9d8795ab7bbd35da5cc0,1394
    pantry-tree:
      size: 441
      sha256: b6646f406ef1f1335dac3da4e8864b214262a53db0c03f107c65287b101345f4
  original:
    hackage: judy-0.4.1
- completed:
    hackage: bytestring-trie-0.2.6@sha256:ba9907193f2ef0c2bd3d83dbf5a10182d456acb6127d33cc9931d6b55b1a3e0e,4698
    pantry-tree:
      size: 814
      sha256: bab255b3ec340550f7d4fc1e1ef6a7bc61768288cfdd4620e76640d0b6bc0472
  original:
    hackage: bytestring-trie-0.2.6
snapshots:
- completed:
    size: 534126
    url: https://raw.githubusercontent.com/commercialhaskell/stackage-snapshots/master/lts/16/31.yaml
    sha256: 637fb77049b25560622a224845b7acfe81a09fdb6a96a3c75997a10b651667f6
  original: lts-16.31
