# This file was autogenerated by Stack.
# You should not edit this file by hand.
# For more information, please see the documentation at:
#   https://docs.haskellstack.org/en/stable/lock_files

packages:
- completed:
    hackage: judy-0.4.1@sha256:cde65e25880b2833e3105f86a79361f1bc37052eb3fe9d8795ab7bbd35da5cc0,1394
    pantry-tree:
      size: 441
      sha256: b6646f406ef1f1335dac3da4e8864b214262a53db0c03f107c65287b101345f4
  original:
    hackage: judy-0.4.1
- completed:
    hackage: bytestring-trie-0.2.5.0@sha256:9efa9c6f556314d28486be2470ff789419c5238ed2e354870623a3cbbd28fbe2,3349
    pantry-tree:
      size: 705
      sha256: bdc13e00a60830edee41119af62b7203602377ccd81a6555c4fea95b0cb3a252
  original:
    hackage: bytestring-trie-0.2.5.0@sha256:9efa9c6f556314d28486be2470ff789419c5238ed2e354870623a3cbbd28fbe2,3349
snapshots:
- completed:
    size: 534126
    url: https://raw.githubusercontent.com/commercialhaskell/stackage-snapshots/master/lts/16/31.yaml
    sha256: 637fb77049b25560622a224845b7acfe81a09fdb6a96a3c75997a10b651667f6
  original: lts-16.31
